
Microsoft Visual Studio Solution File, Format Version 12.00
# Visual Studio Version 17
VisualStudioVersion = 17.1.32328.378
MinimumVisualStudioVersion = 10.0.40219.1
Project("{9A19103F-16F7-4668-BE54-9A1E7A4F7556}") = "DBWorkshop", "DBWorkshop.csproj", "{4BE00C6E-6C01-47E0-9010-52D98CEA8830}"
EndProject
Project("{54435603-DBB4-11D2-8724-00A0C9A8B90C}") = "DBWorkshopInstaller", "installer\DBWorkshopInstaller\DBWorkshopInstaller.vdproj", "{80B4F372-C5E3-4DFC-AC10-ECF74D88C35E}"
EndProject
Global
	GlobalSection(SolutionConfigurationPlatforms) = preSolution
		Debug|Any CPU = Debug|Any CPU
		Release|Any CPU = Release|Any CPU
	EndGlobalSection
	GlobalSection(ProjectConfigurationPlatforms) = postSolution
		{4BE00C6E-6C01-47E0-9010-52D98CEA8830}.Debug|Any CPU.ActiveCfg = Debug|Any CPU
		{4BE00C6E-6C01-47E0-9010-52D98CEA8830}.Debug|Any CPU.Build.0 = Debug|Any CPU
		{4BE00C6E-6C01-47E0-9010-52D98CEA8830}.Release|Any CPU.ActiveCfg = Release|Any CPU
		{4BE00C6E-6C01-47E0-9010-52D98CEA8830}.Release|Any CPU.Build.0 = Release|Any CPU
		{80B4F372-C5E3-4DFC-AC10-ECF74D88C35E}.Debug|Any CPU.ActiveCfg = Debug
		{80B4F372-C5E3-4DFC-AC10-ECF74D88C35E}.Release|Any CPU.ActiveCfg = Release
	EndGlobalSection
	GlobalSection(SolutionProperties) = preSolution
		HideSolutionNode = FALSE
	EndGlobalSection
	GlobalSection(ExtensibilityGlobals) = postSolution
		SolutionGuid = {5FDD09B9-7EB0-4888-89AA-23FA3A8DF14A}
	EndGlobalSection
EndGlobal
