
Microsoft Visual Studio Solution File, Format Version 12.00
# Visual Studio 15
VisualStudioVersion = 15.0.28307.572
MinimumVisualStudioVersion = 10.0.40219.1
Project("{FAE04EC0-301F-11D3-BF4B-00C04F79EFBC}") = "UnitTestProject1", "UnitTestProject1.csproj", "{DB101737-00B9-42E2-8000-F958DAB64A3E}"
EndProject
Global
	GlobalSection(SolutionConfigurationPlatforms) = preSolution
		Debug|Any CPU = Debug|Any CPU
		Release|Any CPU = Release|Any CPU
	EndGlobalSection
	GlobalSection(ProjectConfigurationPlatforms) = postSolution
		{DB101737-00B9-42E2-8000-F958DAB64A3E}.Debug|Any CPU.ActiveCfg = Debug|Any CPU
		{DB101737-00B9-42E2-8000-F958DAB64A3E}.Debug|Any CPU.Build.0 = Debug|Any CPU
		{DB101737-00B9-42E2-8000-F958DAB64A3E}.Release|Any CPU.ActiveCfg = Release|Any CPU
		{DB101737-00B9-42E2-8000-F958DAB64A3E}.Release|Any CPU.Build.0 = Release|Any CPU
	EndGlobalSection
	GlobalSection(SolutionProperties) = preSolution
		HideSolutionNode = FALSE
	EndGlobalSection
	GlobalSection(ExtensibilityGlobals) = postSolution
		SolutionGuid = {A74FFAC2-5D10-4298-9B75-72024427907D}
	EndGlobalSection
EndGlobal
