
Microsoft Visual Studio Solution File, Format Version 11.00
# Visual Studio 2010
Project("{FAE04EC0-301F-11D3-BF4B-00C04F79EFBC}") = "C0DEC0RE", "C0DEC0RE.csproj", "{6B4A1797-BB72-4316-A06E-F70E709A2DD0}"
EndProject
Global
	GlobalSection(SolutionConfigurationPlatforms) = preSolution
		Debug|Any CPU = Debug|Any CPU
		Release|Any CPU = Release|Any CPU
	EndGlobalSection
	GlobalSection(ProjectConfigurationPlatforms) = postSolution
		{6B4A1797-BB72-4316-A06E-F70E709A2DD0}.Debug|Any CPU.ActiveCfg = Debug|Any CPU
		{6B4A1797-BB72-4316-A06E-F70E709A2DD0}.Debug|Any CPU.Build.0 = Debug|Any CPU
		{6B4A1797-BB72-4316-A06E-F70E709A2DD0}.Release|Any CPU.ActiveCfg = Release|Any CPU
		{6B4A1797-BB72-4316-A06E-F70E709A2DD0}.Release|Any CPU.Build.0 = Release|Any CPU
	EndGlobalSection
	GlobalSection(SolutionProperties) = preSolution
		HideSolutionNode = FALSE
	EndGlobalSection
EndGlobal
